// !$*UTF8*$!
{
	archiveVersion = 1;
	classes = {
	};
	objectVersion = 52;
	objects = {

/* Begin PBXBuildFile section */
		010BB04526A3E47B00B5181C /* AppDelegate.swift in Sources */ = {isa = PBXBuildFile; fileRef = 010BB04426A3E47B00B5181C /* AppDelegate.swift */; };
		010BB04726A3E47B00B5181C /* ViewController.swift in Sources */ = {isa = PBXBuildFile; fileRef = 010BB04626A3E47B00B5181C /* ViewController.swift */; };
		010BB04A26A3E47B00B5181C /* Main.storyboard in Resources */ = {isa = PBXBuildFile; fileRef = 010BB04826A3E47B00B5181C /* Main.storyboard */; };
		010BB04C26A3E47F00B5181C /* Assets.xcassets in Resources */ = {isa = PBXBuildFile; fileRef = 010BB04B26A3E47F00B5181C /* Assets.xcassets */; };
		010BB04F26A3E47F00B5181C /* LaunchScreen.storyboard in Resources */ = {isa = PBXBuildFile; fileRef = 010BB04D26A3E47F00B5181C /* LaunchScreen.storyboard */; };
		0135C49F26A3EFC200313BCB /* Alamofire in Frameworks */ = {isa = PBXBuildFile; productRef = 0135C49E26A3EFC200313BCB /* Alamofire */; };
		0135C4A326A4507800313BCB /* SwiftyJSON in Frameworks */ = {isa = PBXBuildFile; productRef = 0135C4A226A4507800313BCB /* SwiftyJSON */; };
		0135C4A626A453A000313BCB /* ReviewTableViewController.swift in Sources */ = {isa = PBXBuildFile; fileRef = 0135C4A526A453A000313BCB /* ReviewTableViewController.swift */; };
		0135C4AD26A45B6300313BCB /* ReviewWriteViewController.swift in Sources */ = {isa = PBXBuildFile; fileRef = 0135C4AC26A45B6300313BCB /* ReviewWriteViewController.swift */; };
/* End PBXBuildFile section */

/* Begin PBXFileReference section */
		010BB04126A3E47B00B5181C /* BookReview.app */ = {isa = PBXFileReference; explicitFileType = wrapper.application; includeInIndex = 0; path = BookReview.app; sourceTree = BUILT_PRODUCTS_DIR; };
		010BB04426A3E47B00B5181C /* AppDelegate.swift */ = {isa = PBXFileReference; lastKnownFileType = sourcecode.swift; path = AppDelegate.swift; sourceTree = "<group>"; };
		010BB04626A3E47B00B5181C /* ViewController.swift */ = {isa = PBXFileReference; lastKnownFileType = sourcecode.swift; path = ViewController.swift; sourceTree = "<group>"; };
		010BB04926A3E47B00B5181C /* Base */ = {isa = PBXFileReference; lastKnownFileType = file.storyboard; name = Base; path = Base.lproj/Main.storyboard; sourceTree = "<group>"; };
		010BB04B26A3E47F00B5181C /* Assets.xcassets */ = {isa = PBXFileReference; lastKnownFileType = folder.assetcatalog; path = Assets.xcassets; sourceTree = "<group>"; };
		010BB04E26A3E47F00B5181C /* Base */ = {isa = PBXFileReference; lastKnownFileType = file.storyboard; name = Base; path = Base.lproj/LaunchScreen.storyboard; sourceTree = "<group>"; };
		010BB05026A3E47F00B5181C /* Info.plist */ = {isa = PBXFileReference; lastKnownFileType = text.plist.xml; path = Info.plist; sourceTree = "<group>"; };
		0135C4A526A453A000313BCB /* ReviewTableViewController.swift */ = {isa = PBXFileReference; lastKnownFileType = sourcecode.swift; path = ReviewTableViewController.swift; sourceTree = "<group>"; };
		0135C4AC26A45B6300313BCB /* ReviewWriteViewController.swift */ = {isa = PBXFileReference; lastKnownFileType = sourcecode.swift; path = ReviewWriteViewController.swift; sourceTree = "<group>"; };
/* End PBXFileReference section */

/* Begin PBXFrameworksBuildPhase section */
		010BB03E26A3E47B00B5181C /* Frameworks */ = {
			isa = PBXFrameworksBuildPhase;
			buildActionMask = 2147483647;
			files = (
				0135C4A326A4507800313BCB /* SwiftyJSON in Frameworks */,
				0135C49F26A3EFC200313BCB /* Alamofire in Frameworks */,
			);
			runOnlyForDeploymentPostprocessing = 0;
		};
/* End PBXFrameworksBuildPhase section */

/* Begin PBXGroup section */
		010BB03826A3E47B00B5181C = {
			isa = PBXGroup;
			children = (
				010BB04326A3E47B00B5181C /* BookReview */,
				010BB04226A3E47B00B5181C /* Products */,
			);
			sourceTree = "<group>";
		};
		010BB04226A3E47B00B5181C /* Products */ = {
			isa = PBXGroup;
			children = (
				010BB04126A3E47B00B5181C /* BookReview.app */,
			);
			name = Products;
			sourceTree = "<group>";
		};
		010BB04326A3E47B00B5181C /* BookReview */ = {
			isa = PBXGroup;
			children = (
				010BB04426A3E47B00B5181C /* AppDelegate.swift */,
				010BB04626A3E47B00B5181C /* ViewController.swift */,
				010BB04826A3E47B00B5181C /* Main.storyboard */,
				010BB04B26A3E47F00B5181C /* Assets.xcassets */,
				010BB04D26A3E47F00B5181C /* LaunchScreen.storyboard */,
				010BB05026A3E47F00B5181C /* Info.plist */,
				0135C4A526A453A000313BCB /* ReviewTableViewController.swift */,
				0135C4AC26A45B6300313BCB /* ReviewWriteViewController.swift */,
			);
			path = BookReview;
			sourceTree = "<group>";
		};
/* End PBXGroup section */

/* Begin PBXNativeTarget section */
		010BB04026A3E47B00B5181C /* BookReview */ = {
			isa = PBXNativeTarget;
			buildConfigurationList = 010BB05326A3E47F00B5181C /* Build configuration list for PBXNativeTarget "BookReview" */;
			buildPhases = (
				010BB03D26A3E47B00B5181C /* Sources */,
				010BB03E26A3E47B00B5181C /* Frameworks */,
				010BB03F26A3E47B00B5181C /* Resources */,
			);
			buildRules = (
			);
			dependencies = (
			);
			name = BookReview;
			packageProductDependencies = (
				0135C49E26A3EFC200313BCB /* Alamofire */,
				0135C4A226A4507800313BCB /* SwiftyJSON */,
			);
			productName = BookReview;
			productReference = 010BB04126A3E47B00B5181C /* BookReview.app */;
			productType = "com.apple.product-type.application";
		};
/* End PBXNativeTarget section */

/* Begin PBXProject section */
		010BB03926A3E47B00B5181C /* Project object */ = {
			isa = PBXProject;
			attributes = {
				LastSwiftUpdateCheck = 0940;
				LastUpgradeCheck = 0940;
				ORGANIZATIONNAME = "김범중";
				TargetAttributes = {
					010BB04026A3E47B00B5181C = {
						CreatedOnToolsVersion = 9.4.1;
					};
				};
			};
			buildConfigurationList = 010BB03C26A3E47B00B5181C /* Build configuration list for PBXProject "BookReview" */;
			compatibilityVersion = "Xcode 9.3";
			developmentRegion = en;
			hasScannedForEncodings = 0;
			knownRegions = (
				en,
				Base,
			);
			mainGroup = 010BB03826A3E47B00B5181C;
			packageReferences = (
				0135C49D26A3EFC200313BCB /* XCRemoteSwiftPackageReference "Alamofire" */,
				0135C4A126A4507800313BCB /* XCRemoteSwiftPackageReference "SwiftyJSON" */,
			);
			productRefGroup = 010BB04226A3E47B00B5181C /* Products */;
			projectDirPath = "";
			projectRoot = "";
			targets = (
				010BB04026A3E47B00B5181C /* BookReview */,
			);
		};
/* End PBXProject section */

/* Begin PBXResourcesBuildPhase section */
		010BB03F26A3E47B00B5181C /* Resources */ = {
			isa = PBXResourcesBuildPhase;
			buildActionMask = 2147483647;
			files = (
				010BB04F26A3E47F00B5181C /* LaunchScreen.storyboard in Resources */,
				010BB04C26A3E47F00B5181C /* Assets.xcassets in Resources */,
				010BB04A26A3E47B00B5181C /* Main.storyboard in Resources */,
			);
			runOnlyForDeploymentPostprocessing = 0;
		};
/* End PBXResourcesBuildPhase section */

/* Begin PBXSourcesBuildPhase section */
		010BB03D26A3E47B00B5181C /* Sources */ = {
			isa = PBXSourcesBuildPhase;
			buildActionMask = 2147483647;
			files = (
				010BB04726A3E47B00B5181C /* ViewController.swift in Sources */,
				0135C4A626A453A000313BCB /* ReviewTableViewController.swift in Sources */,
				0135C4AD26A45B6300313BCB /* ReviewWriteViewController.swift in Sources */,
				010BB04526A3E47B00B5181C /* AppDelegate.swift in Sources */,
			);
			runOnlyForDeploymentPostprocessing = 0;
		};
/* End PBXSourcesBuildPhase section */

/* Begin PBXVariantGroup section */
		010BB04826A3E47B00B5181C /* Main.storyboard */ = {
			isa = PBXVariantGroup;
			children = (
				010BB04926A3E47B00B5181C /* Base */,
			);
			name = Main.storyboard;
			sourceTree = "<group>";
		};
		010BB04D26A3E47F00B5181C /* LaunchScreen.storyboard */ = {
			isa = PBXVariantGroup;
			children = (
				010BB04E26A3E47F00B5181C /* Base */,
			);
			name = LaunchScreen.storyboard;
			sourceTree = "<group>";
		};
/* End PBXVariantGroup section */

/* Begin XCBuildConfiguration section */
		010BB05126A3E47F00B5181C /* Debug */ = {
			isa = XCBuildConfiguration;
			buildSettings = {
				ALWAYS_SEARCH_USER_PATHS = NO;
				CLANG_ANALYZER_NONNULL = YES;
				CLANG_ANALYZER_NUMBER_OBJECT_CONVERSION = YES_AGGRESSIVE;
				CLANG_CXX_LANGUAGE_STANDARD = "gnu++14";
				CLANG_CXX_LIBRARY = "libc++";
				CLANG_ENABLE_MODULES = YES;
				CLANG_ENABLE_OBJC_ARC = YES;
				CLANG_ENABLE_OBJC_WEAK = YES;
				CLANG_WARN_BLOCK_CAPTURE_AUTORELEASING = YES;
				CLANG_WARN_BOOL_CONVERSION = YES;
				CLANG_WARN_COMMA = YES;
				CLANG_WARN_CONSTANT_CONVERSION = YES;
				CLANG_WARN_DEPRECATED_OBJC_IMPLEMENTATIONS = YES;
				CLANG_WARN_DIRECT_OBJC_ISA_USAGE = YES_ERROR;
				CLANG_WARN_DOCUMENTATION_COMMENTS = YES;
				CLANG_WARN_EMPTY_BODY = YES;
				CLANG_WARN_ENUM_CONVERSION = YES;
				CLANG_WARN_INFINITE_RECURSION = YES;
				CLANG_WARN_INT_CONVERSION = YES;
				CLANG_WARN_NON_LITERAL_NULL_CONVERSION = YES;
				CLANG_WARN_OBJC_IMPLICIT_RETAIN_SELF = YES;
				CLANG_WARN_OBJC_LITERAL_CONVERSION = YES;
				CLANG_WARN_OBJC_ROOT_CLASS = YES_ERROR;
				CLANG_WARN_RANGE_LOOP_ANALYSIS = YES;
				CLANG_WARN_STRICT_PROTOTYPES = YES;
				CLANG_WARN_SUSPICIOUS_MOVE = YES;
				CLANG_WARN_UNGUARDED_AVAILABILITY = YES_AGGRESSIVE;
				CLANG_WARN_UNREACHABLE_CODE = YES;
				CLANG_WARN__DUPLICATE_METHOD_MATCH = YES;
				CODE_SIGN_IDENTITY = "iPhone Developer";
				COPY_PHASE_STRIP = NO;
				DEBUG_INFORMATION_FORMAT = dwarf;
				ENABLE_STRICT_OBJC_MSGSEND = YES;
				ENABLE_TESTABILITY = YES;
				GCC_C_LANGUAGE_STANDARD = gnu11;
				GCC_DYNAMIC_NO_PIC = NO;
				GCC_NO_COMMON_BLOCKS = YES;
				GCC_OPTIMIZATION_LEVEL = 0;
				GCC_PREPROCESSOR_DEFINITIONS = (
					"DEBUG=1",
					"$(inherited)",
				);
				GCC_WARN_64_TO_32_BIT_CONVERSION = YES;
				GCC_WARN_ABOUT_RETURN_TYPE = YES_ERROR;
				GCC_WARN_UNDECLARED_SELECTOR = YES;
				GCC_WARN_UNINITIALIZED_AUTOS = YES_AGGRESSIVE;
				GCC_WARN_UNUSED_FUNCTION = YES;
				GCC_WARN_UNUSED_VARIABLE = YES;
				IPHONEOS_DEPLOYMENT_TARGET = 11.4;
				MTL_ENABLE_DEBUG_INFO = YES;
				ONLY_ACTIVE_ARCH = YES;
				SDKROOT = iphoneos;
				SWIFT_ACTIVE_COMPILATION_CONDITIONS = DEBUG;
				SWIFT_OPTIMIZATION_LEVEL = "-Onone";
			};
			name = Debug;
		};
		010BB05226A3E47F00B5181C /* Release */ = {
			isa = XCBuildConfiguration;
			buildSettings = {
				ALWAYS_SEARCH_USER_PATHS = NO;
				CLANG_ANALYZER_NONNULL = YES;
				CLANG_ANALYZER_NUMBER_OBJECT_CONVERSION = YES_AGGRESSIVE;
				CLANG_CXX_LANGUAGE_STANDARD = "gnu++14";
				CLANG_CXX_LIBRARY = "libc++";
				CLANG_ENABLE_MODULES = YES;
				CLANG_ENABLE_OBJC_ARC = YES;
				CLANG_ENABLE_OBJC_WEAK = YES;
				CLANG_WARN_BLOCK_CAPTURE_AUTORELEASING = YES;
				CLANG_WARN_BOOL_CONVERSION = YES;
				CLANG_WARN_COMMA = YES;
				CLANG_WARN_CONSTANT_CONVERSION = YES;
				CLANG_WARN_DEPRECATED_OBJC_IMPLEMENTATIONS = YES;
				CLANG_WARN_DIRECT_OBJC_ISA_USAGE = YES_ERROR;
				CLANG_WARN_DOCUMENTATION_COMMENTS = YES;
				CLANG_WARN_EMPTY_BODY = YES;
				CLANG_WARN_ENUM_CONVERSION = YES;
				CLANG_WARN_INFINITE_RECURSION = YES;
				CLANG_WARN_INT_CONVERSION = YES;
				CLANG_WARN_NON_LITERAL_NULL_CONVERSION = YES;
				CLANG_WARN_OBJC_IMPLICIT_RETAIN_SELF = YES;
				CLANG_WARN_OBJC_LITERAL_CONVERSION = YES;
				CLANG_WARN_OBJC_ROOT_CLASS = YES_ERROR;
				CLANG_WARN_RANGE_LOOP_ANALYSIS = YES;
				CLANG_WARN_STRICT_PROTOTYPES = YES;
				CLANG_WARN_SUSPICIOUS_MOVE = YES;
				CLANG_WARN_UNGUARDED_AVAILABILITY = YES_AGGRESSIVE;
				CLANG_WARN_UNREACHABLE_CODE = YES;
				CLANG_WARN__DUPLICATE_METHOD_MATCH = YES;
				CODE_SIGN_IDENTITY = "iPhone Developer";
				COPY_PHASE_STRIP = NO;
				DEBUG_INFORMATION_FORMAT = "dwarf-with-dsym";
				ENABLE_NS_ASSERTIONS = NO;
				ENABLE_STRICT_OBJC_MSGSEND = YES;
				GCC_C_LANGUAGE_STANDARD = gnu11;
				GCC_NO_COMMON_BLOCKS = YES;
				GCC_WARN_64_TO_32_BIT_CONVERSION = YES;
				GCC_WARN_ABOUT_RETURN_TYPE = YES_ERROR;
				GCC_WARN_UNDECLARED_SELECTOR = YES;
				GCC_WARN_UNINITIALIZED_AUTOS = YES_AGGRESSIVE;
				GCC_WARN_UNUSED_FUNCTION = YES;
				GCC_WARN_UNUSED_VARIABLE = YES;
				IPHONEOS_DEPLOYMENT_TARGET = 11.4;
				MTL_ENABLE_DEBUG_INFO = NO;
				SDKROOT = iphoneos;
				SWIFT_COMPILATION_MODE = wholemodule;
				SWIFT_OPTIMIZATION_LEVEL = "-O";
				VALIDATE_PRODUCT = YES;
			};
			name = Release;
		};
		010BB05426A3E47F00B5181C /* Debug */ = {
			isa = XCBuildConfiguration;
			buildSettings = {
				ASSETCATALOG_COMPILER_APPICON_NAME = AppIcon;
				CODE_SIGN_STYLE = Automatic;
				INFOPLIST_FILE = BookReview/Info.plist;
				LD_RUNPATH_SEARCH_PATHS = (
					"$(inherited)",
					"@executable_path/Frameworks",
				);
				PRODUCT_BUNDLE_IDENTIFIER = com.kbj.BookReview;
				PRODUCT_NAME = "$(TARGET_NAME)";
				SWIFT_VERSION = 4.0;
				TARGETED_DEVICE_FAMILY = "1,2";
			};
			name = Debug;
		};
		010BB05526A3E47F00B5181C /* Release */ = {
			isa = XCBuildConfiguration;
			buildSettings = {
				ASSETCATALOG_COMPILER_APPICON_NAME = AppIcon;
				CODE_SIGN_STYLE = Automatic;
				INFOPLIST_FILE = BookReview/Info.plist;
				LD_RUNPATH_SEARCH_PATHS = (
					"$(inherited)",
					"@executable_path/Frameworks",
				);
				PRODUCT_BUNDLE_IDENTIFIER = com.kbj.BookReview;
				PRODUCT_NAME = "$(TARGET_NAME)";
				SWIFT_VERSION = 4.0;
				TARGETED_DEVICE_FAMILY = "1,2";
			};
			name = Release;
		};
/* End XCBuildConfiguration section */

/* Begin XCConfigurationList section */
		010BB03C26A3E47B00B5181C /* Build configuration list for PBXProject "BookReview" */ = {
			isa = XCConfigurationList;
			buildConfigurations = (
				010BB05126A3E47F00B5181C /* Debug */,
				010BB05226A3E47F00B5181C /* Release */,
			);
			defaultConfigurationIsVisible = 0;
			defaultConfigurationName = Release;
		};
		010BB05326A3E47F00B5181C /* Build configuration list for PBXNativeTarget "BookReview" */ = {
			isa = XCConfigurationList;
			buildConfigurations = (
				010BB05426A3E47F00B5181C /* Debug */,
				010BB05526A3E47F00B5181C /* Release */,
			);
			defaultConfigurationIsVisible = 0;
			defaultConfigurationName = Release;
		};
/* End XCConfigurationList section */

/* Begin XCRemoteSwiftPackageReference section */
		0135C49D26A3EFC200313BCB /* XCRemoteSwiftPackageReference "Alamofire" */ = {
			isa = XCRemoteSwiftPackageReference;
			repositoryURL = "https://github.com/Alamofire/Alamofire.git";
			requirement = {
				kind = upToNextMajorVersion;
				minimumVersion = 5.4.3;
			};
		};
		0135C4A126A4507800313BCB /* XCRemoteSwiftPackageReference "SwiftyJSON" */ = {
			isa = XCRemoteSwiftPackageReference;
			repositoryURL = "https://github.com/SwiftyJSON/SwiftyJSON.git";
			requirement = {
				kind = upToNextMajorVersion;
				minimumVersion = 5.0.1;
			};
		};
/* End XCRemoteSwiftPackageReference section */

/* Begin XCSwiftPackageProductDependency section */
		0135C49E26A3EFC200313BCB /* Alamofire */ = {
			isa = XCSwiftPackageProductDependency;
			package = 0135C49D26A3EFC200313BCB /* XCRemoteSwiftPackageReference "Alamofire" */;
			productName = Alamofire;
		};
		0135C4A226A4507800313BCB /* SwiftyJSON */ = {
			isa = XCSwiftPackageProductDependency;
			package = 0135C4A126A4507800313BCB /* XCRemoteSwiftPackageReference "SwiftyJSON" */;
			productName = SwiftyJSON;
		};
/* End XCSwiftPackageProductDependency section */
	};
	rootObject = 010BB03926A3E47B00B5181C /* Project object */;
}
