// !$*UTF8*$!
{
	archiveVersion = 1;
	classes = {
	};
	objectVersion = 50;
	objects = {

/* Begin PBXBuildFile section */
		012F42DD2696E013004ECE5E /* AppDelegate.swift in Sources */ = {isa = PBXBuildFile; fileRef = 012F42DC2696E013004ECE5E /* AppDelegate.swift */; };
		012F42DF2696E013004ECE5E /* ViewController.swift in Sources */ = {isa = PBXBuildFile; fileRef = 012F42DE2696E013004ECE5E /* ViewController.swift */; };
		012F42E22696E013004ECE5E /* Main.storyboard in Resources */ = {isa = PBXBuildFile; fileRef = 012F42E02696E013004ECE5E /* Main.storyboard */; };
		012F42E42696E014004ECE5E /* Assets.xcassets in Resources */ = {isa = PBXBuildFile; fileRef = 012F42E32696E014004ECE5E /* Assets.xcassets */; };
		012F42E72696E014004ECE5E /* LaunchScreen.storyboard in Resources */ = {isa = PBXBuildFile; fileRef = 012F42E52696E014004ECE5E /* LaunchScreen.storyboard */; };
		012F42EF2696E676004ECE5E /* ChickenInputViewController.swift in Sources */ = {isa = PBXBuildFile; fileRef = 012F42EE2696E676004ECE5E /* ChickenInputViewController.swift */; };
		012F42F12696E693004ECE5E /* ChickenOutputViewController.swift in Sources */ = {isa = PBXBuildFile; fileRef = 012F42F02696E693004ECE5E /* ChickenOutputViewController.swift */; };
/* End PBXBuildFile section */

/* Begin PBXFileReference section */
		012F42D92696E013004ECE5E /* FibonaChicken.app */ = {isa = PBXFileReference; explicitFileType = wrapper.application; includeInIndex = 0; path = FibonaChicken.app; sourceTree = BUILT_PRODUCTS_DIR; };
		012F42DC2696E013004ECE5E /* AppDelegate.swift */ = {isa = PBXFileReference; lastKnownFileType = sourcecode.swift; path = AppDelegate.swift; sourceTree = "<group>"; };
		012F42DE2696E013004ECE5E /* ViewController.swift */ = {isa = PBXFileReference; lastKnownFileType = sourcecode.swift; path = ViewController.swift; sourceTree = "<group>"; };
		012F42E12696E013004ECE5E /* Base */ = {isa = PBXFileReference; lastKnownFileType = file.storyboard; name = Base; path = Base.lproj/Main.storyboard; sourceTree = "<group>"; };
		012F42E32696E014004ECE5E /* Assets.xcassets */ = {isa = PBXFileReference; lastKnownFileType = folder.assetcatalog; path = Assets.xcassets; sourceTree = "<group>"; };
		012F42E62696E014004ECE5E /* Base */ = {isa = PBXFileReference; lastKnownFileType = file.storyboard; name = Base; path = Base.lproj/LaunchScreen.storyboard; sourceTree = "<group>"; };
		012F42E82696E014004ECE5E /* Info.plist */ = {isa = PBXFileReference; lastKnownFileType = text.plist.xml; path = Info.plist; sourceTree = "<group>"; };
		012F42EE2696E676004ECE5E /* ChickenInputViewController.swift */ = {isa = PBXFileReference; lastKnownFileType = sourcecode.swift; path = ChickenInputViewController.swift; sourceTree = "<group>"; };
		012F42F02696E693004ECE5E /* ChickenOutputViewController.swift */ = {isa = PBXFileReference; lastKnownFileType = sourcecode.swift; path = ChickenOutputViewController.swift; sourceTree = "<group>"; };
/* End PBXFileReference section */

/* Begin PBXFrameworksBuildPhase section */
		012F42D62696E013004ECE5E /* Frameworks */ = {
			isa = PBXFrameworksBuildPhase;
			buildActionMask = 2147483647;
			files = (
			);
			runOnlyForDeploymentPostprocessing = 0;
		};
/* End PBXFrameworksBuildPhase section */

/* Begin PBXGroup section */
		012F42D02696E013004ECE5E = {
			isa = PBXGroup;
			children = (
				012F42DB2696E013004ECE5E /* FibonaChicken */,
				012F42DA2696E013004ECE5E /* Products */,
			);
			sourceTree = "<group>";
		};
		012F42DA2696E013004ECE5E /* Products */ = {
			isa = PBXGroup;
			children = (
				012F42D92696E013004ECE5E /* FibonaChicken.app */,
			);
			name = Products;
			sourceTree = "<group>";
		};
		012F42DB2696E013004ECE5E /* FibonaChicken */ = {
			isa = PBXGroup;
			children = (
				012F42DC2696E013004ECE5E /* AppDelegate.swift */,
				012F42DE2696E013004ECE5E /* ViewController.swift */,
				012F42E02696E013004ECE5E /* Main.storyboard */,
				012F42E32696E014004ECE5E /* Assets.xcassets */,
				012F42E52696E014004ECE5E /* LaunchScreen.storyboard */,
				012F42E82696E014004ECE5E /* Info.plist */,
				012F42EE2696E676004ECE5E /* ChickenInputViewController.swift */,
				012F42F02696E693004ECE5E /* ChickenOutputViewController.swift */,
			);
			path = FibonaChicken;
			sourceTree = "<group>";
		};
/* End PBXGroup section */

/* Begin PBXNativeTarget section */
		012F42D82696E013004ECE5E /* FibonaChicken */ = {
			isa = PBXNativeTarget;
			buildConfigurationList = 012F42EB2696E014004ECE5E /* Build configuration list for PBXNativeTarget "FibonaChicken" */;
			buildPhases = (
				012F42D52696E013004ECE5E /* Sources */,
				012F42D62696E013004ECE5E /* Frameworks */,
				012F42D72696E013004ECE5E /* Resources */,
			);
			buildRules = (
			);
			dependencies = (
			);
			name = FibonaChicken;
			productName = FibonaChicken;
			productReference = 012F42D92696E013004ECE5E /* FibonaChicken.app */;
			productType = "com.apple.product-type.application";
		};
/* End PBXNativeTarget section */

/* Begin PBXProject section */
		012F42D12696E013004ECE5E /* Project object */ = {
			isa = PBXProject;
			attributes = {
				LastSwiftUpdateCheck = 0940;
				LastUpgradeCheck = 0940;
				ORGANIZATIONNAME = "김범중";
				TargetAttributes = {
					012F42D82696E013004ECE5E = {
						CreatedOnToolsVersion = 9.4.1;
					};
				};
			};
			buildConfigurationList = 012F42D42696E013004ECE5E /* Build configuration list for PBXProject "FibonaChicken" */;
			compatibilityVersion = "Xcode 9.3";
			developmentRegion = en;
			hasScannedForEncodings = 0;
			knownRegions = (
				en,
				Base,
			);
			mainGroup = 012F42D02696E013004ECE5E;
			productRefGroup = 012F42DA2696E013004ECE5E /* Products */;
			projectDirPath = "";
			projectRoot = "";
			targets = (
				012F42D82696E013004ECE5E /* FibonaChicken */,
			);
		};
/* End PBXProject section */

/* Begin PBXResourcesBuildPhase section */
		012F42D72696E013004ECE5E /* Resources */ = {
			isa = PBXResourcesBuildPhase;
			buildActionMask = 2147483647;
			files = (
				012F42E72696E014004ECE5E /* LaunchScreen.storyboard in Resources */,
				012F42E42696E014004ECE5E /* Assets.xcassets in Resources */,
				012F42E22696E013004ECE5E /* Main.storyboard in Resources */,
			);
			runOnlyForDeploymentPostprocessing = 0;
		};
/* End PBXResourcesBuildPhase section */

/* Begin PBXSourcesBuildPhase section */
		012F42D52696E013004ECE5E /* Sources */ = {
			isa = PBXSourcesBuildPhase;
			buildActionMask = 2147483647;
			files = (
				012F42DF2696E013004ECE5E /* ViewController.swift in Sources */,
				012F42EF2696E676004ECE5E /* ChickenInputViewController.swift in Sources */,
				012F42DD2696E013004ECE5E /* AppDelegate.swift in Sources */,
				012F42F12696E693004ECE5E /* ChickenOutputViewController.swift in Sources */,
			);
			runOnlyForDeploymentPostprocessing = 0;
		};
/* End PBXSourcesBuildPhase section */

/* Begin PBXVariantGroup section */
		012F42E02696E013004ECE5E /* Main.storyboard */ = {
			isa = PBXVariantGroup;
			children = (
				012F42E12696E013004ECE5E /* Base */,
			);
			name = Main.storyboard;
			sourceTree = "<group>";
		};
		012F42E52696E014004ECE5E /* LaunchScreen.storyboard */ = {
			isa = PBXVariantGroup;
			children = (
				012F42E62696E014004ECE5E /* Base */,
			);
			name = LaunchScreen.storyboard;
			sourceTree = "<group>";
		};
/* End PBXVariantGroup section */

/* Begin XCBuildConfiguration section */
		012F42E92696E014004ECE5E /* Debug */ = {
			isa = XCBuildConfiguration;
			buildSettings = {
				ALWAYS_SEARCH_USER_PATHS = NO;
				CLANG_ANALYZER_NONNULL = YES;
				CLANG_ANALYZER_NUMBER_OBJECT_CONVERSION = YES_AGGRESSIVE;
				CLANG_CXX_LANGUAGE_STANDARD = "gnu++14";
				CLANG_CXX_LIBRARY = "libc++";
				CLANG_ENABLE_MODULES = YES;
				CLANG_ENABLE_OBJC_ARC = YES;
				CLANG_ENABLE_OBJC_WEAK = YES;
				CLANG_WARN_BLOCK_CAPTURE_AUTORELEASING = YES;
				CLANG_WARN_BOOL_CONVERSION = YES;
				CLANG_WARN_COMMA = YES;
				CLANG_WARN_CONSTANT_CONVERSION = YES;
				CLANG_WARN_DEPRECATED_OBJC_IMPLEMENTATIONS = YES;
				CLANG_WARN_DIRECT_OBJC_ISA_USAGE = YES_ERROR;
				CLANG_WARN_DOCUMENTATION_COMMENTS = YES;
				CLANG_WARN_EMPTY_BODY = YES;
				CLANG_WARN_ENUM_CONVERSION = YES;
				CLANG_WARN_INFINITE_RECURSION = YES;
				CLANG_WARN_INT_CONVERSION = YES;
				CLANG_WARN_NON_LITERAL_NULL_CONVERSION = YES;
				CLANG_WARN_OBJC_IMPLICIT_RETAIN_SELF = YES;
				CLANG_WARN_OBJC_LITERAL_CONVERSION = YES;
				CLANG_WARN_OBJC_ROOT_CLASS = YES_ERROR;
				CLANG_WARN_RANGE_LOOP_ANALYSIS = YES;
				CLANG_WARN_STRICT_PROTOTYPES = YES;
				CLANG_WARN_SUSPICIOUS_MOVE = YES;
				CLANG_WARN_UNGUARDED_AVAILABILITY = YES_AGGRESSIVE;
				CLANG_WARN_UNREACHABLE_CODE = YES;
				CLANG_WARN__DUPLICATE_METHOD_MATCH = YES;
				CODE_SIGN_IDENTITY = "iPhone Developer";
				COPY_PHASE_STRIP = NO;
				DEBUG_INFORMATION_FORMAT = dwarf;
				ENABLE_STRICT_OBJC_MSGSEND = YES;
				ENABLE_TESTABILITY = YES;
				GCC_C_LANGUAGE_STANDARD = gnu11;
				GCC_DYNAMIC_NO_PIC = NO;
				GCC_NO_COMMON_BLOCKS = YES;
				GCC_OPTIMIZATION_LEVEL = 0;
				GCC_PREPROCESSOR_DEFINITIONS = (
					"DEBUG=1",
					"$(inherited)",
				);
				GCC_WARN_64_TO_32_BIT_CONVERSION = YES;
				GCC_WARN_ABOUT_RETURN_TYPE = YES_ERROR;
				GCC_WARN_UNDECLARED_SELECTOR = YES;
				GCC_WARN_UNINITIALIZED_AUTOS = YES_AGGRESSIVE;
				GCC_WARN_UNUSED_FUNCTION = YES;
				GCC_WARN_UNUSED_VARIABLE = YES;
				IPHONEOS_DEPLOYMENT_TARGET = 11.4;
				MTL_ENABLE_DEBUG_INFO = YES;
				ONLY_ACTIVE_ARCH = YES;
				SDKROOT = iphoneos;
				SWIFT_ACTIVE_COMPILATION_CONDITIONS = DEBUG;
				SWIFT_OPTIMIZATION_LEVEL = "-Onone";
			};
			name = Debug;
		};
		012F42EA2696E014004ECE5E /* Release */ = {
			isa = XCBuildConfiguration;
			buildSettings = {
				ALWAYS_SEARCH_USER_PATHS = NO;
				CLANG_ANALYZER_NONNULL = YES;
				CLANG_ANALYZER_NUMBER_OBJECT_CONVERSION = YES_AGGRESSIVE;
				CLANG_CXX_LANGUAGE_STANDARD = "gnu++14";
				CLANG_CXX_LIBRARY = "libc++";
				CLANG_ENABLE_MODULES = YES;
				CLANG_ENABLE_OBJC_ARC = YES;
				CLANG_ENABLE_OBJC_WEAK = YES;
				CLANG_WARN_BLOCK_CAPTURE_AUTORELEASING = YES;
				CLANG_WARN_BOOL_CONVERSION = YES;
				CLANG_WARN_COMMA = YES;
				CLANG_WARN_CONSTANT_CONVERSION = YES;
				CLANG_WARN_DEPRECATED_OBJC_IMPLEMENTATIONS = YES;
				CLANG_WARN_DIRECT_OBJC_ISA_USAGE = YES_ERROR;
				CLANG_WARN_DOCUMENTATION_COMMENTS = YES;
				CLANG_WARN_EMPTY_BODY = YES;
				CLANG_WARN_ENUM_CONVERSION = YES;
				CLANG_WARN_INFINITE_RECURSION = YES;
				CLANG_WARN_INT_CONVERSION = YES;
				CLANG_WARN_NON_LITERAL_NULL_CONVERSION = YES;
				CLANG_WARN_OBJC_IMPLICIT_RETAIN_SELF = YES;
				CLANG_WARN_OBJC_LITERAL_CONVERSION = YES;
				CLANG_WARN_OBJC_ROOT_CLASS = YES_ERROR;
				CLANG_WARN_RANGE_LOOP_ANALYSIS = YES;
				CLANG_WARN_STRICT_PROTOTYPES = YES;
				CLANG_WARN_SUSPICIOUS_MOVE = YES;
				CLANG_WARN_UNGUARDED_AVAILABILITY = YES_AGGRESSIVE;
				CLANG_WARN_UNREACHABLE_CODE = YES;
				CLANG_WARN__DUPLICATE_METHOD_MATCH = YES;
				CODE_SIGN_IDENTITY = "iPhone Developer";
				COPY_PHASE_STRIP = NO;
				DEBUG_INFORMATION_FORMAT = "dwarf-with-dsym";
				ENABLE_NS_ASSERTIONS = NO;
				ENABLE_STRICT_OBJC_MSGSEND = YES;
				GCC_C_LANGUAGE_STANDARD = gnu11;
				GCC_NO_COMMON_BLOCKS = YES;
				GCC_WARN_64_TO_32_BIT_CONVERSION = YES;
				GCC_WARN_ABOUT_RETURN_TYPE = YES_ERROR;
				GCC_WARN_UNDECLARED_SELECTOR = YES;
				GCC_WARN_UNINITIALIZED_AUTOS = YES_AGGRESSIVE;
				GCC_WARN_UNUSED_FUNCTION = YES;
				GCC_WARN_UNUSED_VARIABLE = YES;
				IPHONEOS_DEPLOYMENT_TARGET = 11.4;
				MTL_ENABLE_DEBUG_INFO = NO;
				SDKROOT = iphoneos;
				SWIFT_COMPILATION_MODE = wholemodule;
				SWIFT_OPTIMIZATION_LEVEL = "-O";
				VALIDATE_PRODUCT = YES;
			};
			name = Release;
		};
		012F42EC2696E014004ECE5E /* Debug */ = {
			isa = XCBuildConfiguration;
			buildSettings = {
				ASSETCATALOG_COMPILER_APPICON_NAME = AppIcon;
				CODE_SIGN_STYLE = Automatic;
				INFOPLIST_FILE = FibonaChicken/Info.plist;
				LD_RUNPATH_SEARCH_PATHS = (
					"$(inherited)",
					"@executable_path/Frameworks",
				);
				PRODUCT_BUNDLE_IDENTIFIER = com.kbj.FibonaChicken;
				PRODUCT_NAME = "$(TARGET_NAME)";
				SWIFT_VERSION = 4.0;
				TARGETED_DEVICE_FAMILY = "1,2";
			};
			name = Debug;
		};
		012F42ED2696E014004ECE5E /* Release */ = {
			isa = XCBuildConfiguration;
			buildSettings = {
				ASSETCATALOG_COMPILER_APPICON_NAME = AppIcon;
				CODE_SIGN_STYLE = Automatic;
				INFOPLIST_FILE = FibonaChicken/Info.plist;
				LD_RUNPATH_SEARCH_PATHS = (
					"$(inherited)",
					"@executable_path/Frameworks",
				);
				PRODUCT_BUNDLE_IDENTIFIER = com.kbj.FibonaChicken;
				PRODUCT_NAME = "$(TARGET_NAME)";
				SWIFT_VERSION = 4.0;
				TARGETED_DEVICE_FAMILY = "1,2";
			};
			name = Release;
		};
/* End XCBuildConfiguration section */

/* Begin XCConfigurationList section */
		012F42D42696E013004ECE5E /* Build configuration list for PBXProject "FibonaChicken" */ = {
			isa = XCConfigurationList;
			buildConfigurations = (
				012F42E92696E014004ECE5E /* Debug */,
				012F42EA2696E014004ECE5E /* Release */,
			);
			defaultConfigurationIsVisible = 0;
			defaultConfigurationName = Release;
		};
		012F42EB2696E014004ECE5E /* Build configuration list for PBXNativeTarget "FibonaChicken" */ = {
			isa = XCConfigurationList;
			buildConfigurations = (
				012F42EC2696E014004ECE5E /* Debug */,
				012F42ED2696E014004ECE5E /* Release */,
			);
			defaultConfigurationIsVisible = 0;
			defaultConfigurationName = Release;
		};
/* End XCConfigurationList section */
	};
	rootObject = 012F42D12696E013004ECE5E /* Project object */;
}
